{
  "pins" : [
    {
      "identity" : "alamofire",
      "kind" : "remoteSourceControl",
      "location" : "https://github.com/Alamofire/Alamofire",
      "state" : {
        "branch" : "master",
        "revision" : "0621eb572397597f815f6aa16b5955abca25f997"
      }
    },
    {
      "identity" : "kingfisher",
      "kind" : "remoteSourceControl",
      "location" : "https://github.com/onevcat/Kingfisher.git",
      "state" : {
        "revision" : "1a7b5480eb750a8e171654b9b1cb0a2cbeb27a55",
        "version" : "7.2.1"
      }
    }
  ],
  "version" : 2
}
