// !$*UTF8*$!
{
	archiveVersion = 1;
	classes = {
	};
	objectVersion = 55;
	objects = {

/* Begin PBXBuildFile section */
		C2C075B327A1BBD90022E9F1 /* AppDelegate.swift in Sources */ = {isa = PBXBuildFile; fileRef = C2C075B227A1BBD90022E9F1 /* AppDelegate.swift */; };
		C2C075B527A1BBD90022E9F1 /* SceneDelegate.swift in Sources */ = {isa = PBXBuildFile; fileRef = C2C075B427A1BBD90022E9F1 /* SceneDelegate.swift */; };
		C2C075B727A1BBD90022E9F1 /* ViewController.swift in Sources */ = {isa = PBXBuildFile; fileRef = C2C075B627A1BBD90022E9F1 /* ViewController.swift */; };
		C2C075BA27A1BBD90022E9F1 /* Main.storyboard in Resources */ = {isa = PBXBuildFile; fileRef = C2C075B827A1BBD90022E9F1 /* Main.storyboard */; };
		C2C075BC27A1BBDB0022E9F1 /* Assets.xcassets in Resources */ = {isa = PBXBuildFile; fileRef = C2C075BB27A1BBDB0022E9F1 /* Assets.xcassets */; };
		C2C075BF27A1BBDB0022E9F1 /* LaunchScreen.storyboard in Resources */ = {isa = PBXBuildFile; fileRef = C2C075BD27A1BBDB0022E9F1 /* LaunchScreen.storyboard */; };
		C2C075C727A1C3120022E9F1 /* Gamer.swift in Sources */ = {isa = PBXBuildFile; fileRef = C2C075C627A1C3120022E9F1 /* Gamer.swift */; };
		C2C075C927A1C3AB0022E9F1 /* Bottle.swift in Sources */ = {isa = PBXBuildFile; fileRef = C2C075C827A1C3AB0022E9F1 /* Bottle.swift */; };
		C2C075CB27A1C48E0022E9F1 /* Range.swift in Sources */ = {isa = PBXBuildFile; fileRef = C2C075CA27A1C48E0022E9F1 /* Range.swift */; };
/* End PBXBuildFile section */

/* Begin PBXFileReference section */
		C2C075AF27A1BBD90022E9F1 /* W3-HW4.app */ = {isa = PBXFileReference; explicitFileType = wrapper.application; includeInIndex = 0; path = "W3-HW4.app"; sourceTree = BUILT_PRODUCTS_DIR; };
		C2C075B227A1BBD90022E9F1 /* AppDelegate.swift */ = {isa = PBXFileReference; lastKnownFileType = sourcecode.swift; path = AppDelegate.swift; sourceTree = "<group>"; };
		C2C075B427A1BBD90022E9F1 /* SceneDelegate.swift */ = {isa = PBXFileReference; lastKnownFileType = sourcecode.swift; path = SceneDelegate.swift; sourceTree = "<group>"; };
		C2C075B627A1BBD90022E9F1 /* ViewController.swift */ = {isa = PBXFileReference; lastKnownFileType = sourcecode.swift; path = ViewController.swift; sourceTree = "<group>"; };
		C2C075B927A1BBD90022E9F1 /* Base */ = {isa = PBXFileReference; lastKnownFileType = file.storyboard; name = Base; path = Base.lproj/Main.storyboard; sourceTree = "<group>"; };
		C2C075BB27A1BBDB0022E9F1 /* Assets.xcassets */ = {isa = PBXFileReference; lastKnownFileType = folder.assetcatalog; path = Assets.xcassets; sourceTree = "<group>"; };
		C2C075BE27A1BBDB0022E9F1 /* Base */ = {isa = PBXFileReference; lastKnownFileType = file.storyboard; name = Base; path = Base.lproj/LaunchScreen.storyboard; sourceTree = "<group>"; };
		C2C075C027A1BBDB0022E9F1 /* Info.plist */ = {isa = PBXFileReference; lastKnownFileType = text.plist.xml; path = Info.plist; sourceTree = "<group>"; };
		C2C075C627A1C3120022E9F1 /* Gamer.swift */ = {isa = PBXFileReference; lastKnownFileType = sourcecode.swift; path = Gamer.swift; sourceTree = "<group>"; };
		C2C075C827A1C3AB0022E9F1 /* Bottle.swift */ = {isa = PBXFileReference; lastKnownFileType = sourcecode.swift; path = Bottle.swift; sourceTree = "<group>"; };
		C2C075CA27A1C48E0022E9F1 /* Range.swift */ = {isa = PBXFileReference; lastKnownFileType = sourcecode.swift; path = Range.swift; sourceTree = "<group>"; };
/* End PBXFileReference section */

/* Begin PBXFrameworksBuildPhase section */
		C2C075AC27A1BBD90022E9F1 /* Frameworks */ = {
			isa = PBXFrameworksBuildPhase;
			buildActionMask = 2147483647;
			files = (
			);
			runOnlyForDeploymentPostprocessing = 0;
		};
/* End PBXFrameworksBuildPhase section */

/* Begin PBXGroup section */
		C2C075A627A1BBD90022E9F1 = {
			isa = PBXGroup;
			children = (
				C2C075B127A1BBD90022E9F1 /* W3-HW4 */,
				C2C075B027A1BBD90022E9F1 /* Products */,
			);
			sourceTree = "<group>";
		};
		C2C075B027A1BBD90022E9F1 /* Products */ = {
			isa = PBXGroup;
			children = (
				C2C075AF27A1BBD90022E9F1 /* W3-HW4.app */,
			);
			name = Products;
			sourceTree = "<group>";
		};
		C2C075B127A1BBD90022E9F1 /* W3-HW4 */ = {
			isa = PBXGroup;
			children = (
				C2C075B227A1BBD90022E9F1 /* AppDelegate.swift */,
				C2C075B427A1BBD90022E9F1 /* SceneDelegate.swift */,
				C2C075B627A1BBD90022E9F1 /* ViewController.swift */,
				C2C075C627A1C3120022E9F1 /* Gamer.swift */,
				C2C075C827A1C3AB0022E9F1 /* Bottle.swift */,
				C2C075CA27A1C48E0022E9F1 /* Range.swift */,
				C2C075B827A1BBD90022E9F1 /* Main.storyboard */,
				C2C075BB27A1BBDB0022E9F1 /* Assets.xcassets */,
				C2C075BD27A1BBDB0022E9F1 /* LaunchScreen.storyboard */,
				C2C075C027A1BBDB0022E9F1 /* Info.plist */,
			);
			path = "W3-HW4";
			sourceTree = "<group>";
		};
/* End PBXGroup section */

/* Begin PBXNativeTarget section */
		C2C075AE27A1BBD90022E9F1 /* W3-HW4 */ = {
			isa = PBXNativeTarget;
			buildConfigurationList = C2C075C327A1BBDB0022E9F1 /* Build configuration list for PBXNativeTarget "W3-HW4" */;
			buildPhases = (
				C2C075AB27A1BBD90022E9F1 /* Sources */,
				C2C075AC27A1BBD90022E9F1 /* Frameworks */,
				C2C075AD27A1BBD90022E9F1 /* Resources */,
			);
			buildRules = (
			);
			dependencies = (
			);
			name = "W3-HW4";
			productName = "W3-HW4";
			productReference = C2C075AF27A1BBD90022E9F1 /* W3-HW4.app */;
			productType = "com.apple.product-type.application";
		};
/* End PBXNativeTarget section */

/* Begin PBXProject section */
		C2C075A727A1BBD90022E9F1 /* Project object */ = {
			isa = PBXProject;
			attributes = {
				BuildIndependentTargetsInParallel = 1;
				LastSwiftUpdateCheck = 1320;
				LastUpgradeCheck = 1320;
				TargetAttributes = {
					C2C075AE27A1BBD90022E9F1 = {
						CreatedOnToolsVersion = 13.2.1;
					};
				};
			};
			buildConfigurationList = C2C075AA27A1BBD90022E9F1 /* Build configuration list for PBXProject "W3-HW4" */;
			compatibilityVersion = "Xcode 13.0";
			developmentRegion = en;
			hasScannedForEncodings = 0;
			knownRegions = (
				en,
				Base,
			);
			mainGroup = C2C075A627A1BBD90022E9F1;
			productRefGroup = C2C075B027A1BBD90022E9F1 /* Products */;
			projectDirPath = "";
			projectRoot = "";
			targets = (
				C2C075AE27A1BBD90022E9F1 /* W3-HW4 */,
			);
		};
/* End PBXProject section */

/* Begin PBXResourcesBuildPhase section */
		C2C075AD27A1BBD90022E9F1 /* Resources */ = {
			isa = PBXResourcesBuildPhase;
			buildActionMask = 2147483647;
			files = (
				C2C075BF27A1BBDB0022E9F1 /* LaunchScreen.storyboard in Resources */,
				C2C075BC27A1BBDB0022E9F1 /* Assets.xcassets in Resources */,
				C2C075BA27A1BBD90022E9F1 /* Main.storyboard in Resources */,
			);
			runOnlyForDeploymentPostprocessing = 0;
		};
/* End PBXResourcesBuildPhase section */

/* Begin PBXSourcesBuildPhase section */
		C2C075AB27A1BBD90022E9F1 /* Sources */ = {
			isa = PBXSourcesBuildPhase;
			buildActionMask = 2147483647;
			files = (
				C2C075C727A1C3120022E9F1 /* Gamer.swift in Sources */,
				C2C075B727A1BBD90022E9F1 /* ViewController.swift in Sources */,
				C2C075B327A1BBD90022E9F1 /* AppDelegate.swift in Sources */,
				C2C075CB27A1C48E0022E9F1 /* Range.swift in Sources */,
				C2C075C927A1C3AB0022E9F1 /* Bottle.swift in Sources */,
				C2C075B527A1BBD90022E9F1 /* SceneDelegate.swift in Sources */,
			);
			runOnlyForDeploymentPostprocessing = 0;
		};
/* End PBXSourcesBuildPhase section */

/* Begin PBXVariantGroup section */
		C2C075B827A1BBD90022E9F1 /* Main.storyboard */ = {
			isa = PBXVariantGroup;
			children = (
				C2C075B927A1BBD90022E9F1 /* Base */,
			);
			name = Main.storyboard;
			sourceTree = "<group>";
		};
		C2C075BD27A1BBDB0022E9F1 /* LaunchScreen.storyboard */ = {
			isa = PBXVariantGroup;
			children = (
				C2C075BE27A1BBDB0022E9F1 /* Base */,
			);
			name = LaunchScreen.storyboard;
			sourceTree = "<group>";
		};
/* End PBXVariantGroup section */

/* Begin XCBuildConfiguration section */
		C2C075C127A1BBDB0022E9F1 /* Debug */ = {
			isa = XCBuildConfiguration;
			buildSettings = {
				ALWAYS_SEARCH_USER_PATHS = NO;
				CLANG_ANALYZER_NONNULL = YES;
				CLANG_ANALYZER_NUMBER_OBJECT_CONVERSION = YES_AGGRESSIVE;
				CLANG_CXX_LANGUAGE_STANDARD = "gnu++17";
				CLANG_CXX_LIBRARY = "libc++";
				CLANG_ENABLE_MODULES = YES;
				CLANG_ENABLE_OBJC_ARC = YES;
				CLANG_ENABLE_OBJC_WEAK = YES;
				CLANG_WARN_BLOCK_CAPTURE_AUTORELEASING = YES;
				CLANG_WARN_BOOL_CONVERSION = YES;
				CLANG_WARN_COMMA = YES;
				CLANG_WARN_CONSTANT_CONVERSION = YES;
				CLANG_WARN_DEPRECATED_OBJC_IMPLEMENTATIONS = YES;
				CLANG_WARN_DIRECT_OBJC_ISA_USAGE = YES_ERROR;
				CLANG_WARN_DOCUMENTATION_COMMENTS = YES;
				CLANG_WARN_EMPTY_BODY = YES;
				CLANG_WARN_ENUM_CONVERSION = YES;
				CLANG_WARN_INFINITE_RECURSION = YES;
				CLANG_WARN_INT_CONVERSION = YES;
				CLANG_WARN_NON_LITERAL_NULL_CONVERSION = YES;
				CLANG_WARN_OBJC_IMPLICIT_RETAIN_SELF = YES;
				CLANG_WARN_OBJC_LITERAL_CONVERSION = YES;
				CLANG_WARN_OBJC_ROOT_CLASS = YES_ERROR;
				CLANG_WARN_QUOTED_INCLUDE_IN_FRAMEWORK_HEADER = YES;
				CLANG_WARN_RANGE_LOOP_ANALYSIS = YES;
				CLANG_WARN_STRICT_PROTOTYPES = YES;
				CLANG_WARN_SUSPICIOUS_MOVE = YES;
				CLANG_WARN_UNGUARDED_AVAILABILITY = YES_AGGRESSIVE;
				CLANG_WARN_UNREACHABLE_CODE = YES;
				CLANG_WARN__DUPLICATE_METHOD_MATCH = YES;
				COPY_PHASE_STRIP = NO;
				DEBUG_INFORMATION_FORMAT = dwarf;
				ENABLE_STRICT_OBJC_MSGSEND = YES;
				ENABLE_TESTABILITY = YES;
				GCC_C_LANGUAGE_STANDARD = gnu11;
				GCC_DYNAMIC_NO_PIC = NO;
				GCC_NO_COMMON_BLOCKS = YES;
				GCC_OPTIMIZATION_LEVEL = 0;
				GCC_PREPROCESSOR_DEFINITIONS = (
					"DEBUG=1",
					"$(inherited)",
				);
				GCC_WARN_64_TO_32_BIT_CONVERSION = YES;
				GCC_WARN_ABOUT_RETURN_TYPE = YES_ERROR;
				GCC_WARN_UNDECLARED_SELECTOR = YES;
				GCC_WARN_UNINITIALIZED_AUTOS = YES_AGGRESSIVE;
				GCC_WARN_UNUSED_FUNCTION = YES;
				GCC_WARN_UNUSED_VARIABLE = YES;
				IPHONEOS_DEPLOYMENT_TARGET = 15.2;
				MTL_ENABLE_DEBUG_INFO = INCLUDE_SOURCE;
				MTL_FAST_MATH = YES;
				ONLY_ACTIVE_ARCH = YES;
				SDKROOT = iphoneos;
				SWIFT_ACTIVE_COMPILATION_CONDITIONS = DEBUG;
				SWIFT_OPTIMIZATION_LEVEL = "-Onone";
			};
			name = Debug;
		};
		C2C075C227A1BBDB0022E9F1 /* Release */ = {
			isa = XCBuildConfiguration;
			buildSettings = {
				ALWAYS_SEARCH_USER_PATHS = NO;
				CLANG_ANALYZER_NONNULL = YES;
				CLANG_ANALYZER_NUMBER_OBJECT_CONVERSION = YES_AGGRESSIVE;
				CLANG_CXX_LANGUAGE_STANDARD = "gnu++17";
				CLANG_CXX_LIBRARY = "libc++";
				CLANG_ENABLE_MODULES = YES;
				CLANG_ENABLE_OBJC_ARC = YES;
				CLANG_ENABLE_OBJC_WEAK = YES;
				CLANG_WARN_BLOCK_CAPTURE_AUTORELEASING = YES;
				CLANG_WARN_BOOL_CONVERSION = YES;
				CLANG_WARN_COMMA = YES;
				CLANG_WARN_CONSTANT_CONVERSION = YES;
				CLANG_WARN_DEPRECATED_OBJC_IMPLEMENTATIONS = YES;
				CLANG_WARN_DIRECT_OBJC_ISA_USAGE = YES_ERROR;
				CLANG_WARN_DOCUMENTATION_COMMENTS = YES;
				CLANG_WARN_EMPTY_BODY = YES;
				CLANG_WARN_ENUM_CONVERSION = YES;
				CLANG_WARN_INFINITE_RECURSION = YES;
				CLANG_WARN_INT_CONVERSION = YES;
				CLANG_WARN_NON_LITERAL_NULL_CONVERSION = YES;
				CLANG_WARN_OBJC_IMPLICIT_RETAIN_SELF = YES;
				CLANG_WARN_OBJC_LITERAL_CONVERSION = YES;
				CLANG_WARN_OBJC_ROOT_CLASS = YES_ERROR;
				CLANG_WARN_QUOTED_INCLUDE_IN_FRAMEWORK_HEADER = YES;
				CLANG_WARN_RANGE_LOOP_ANALYSIS = YES;
				CLANG_WARN_STRICT_PROTOTYPES = YES;
				CLANG_WARN_SUSPICIOUS_MOVE = YES;
				CLANG_WARN_UNGUARDED_AVAILABILITY = YES_AGGRESSIVE;
				CLANG_WARN_UNREACHABLE_CODE = YES;
				CLANG_WARN__DUPLICATE_METHOD_MATCH = YES;
				COPY_PHASE_STRIP = NO;
				DEBUG_INFORMATION_FORMAT = "dwarf-with-dsym";
				ENABLE_NS_ASSERTIONS = NO;
				ENABLE_STRICT_OBJC_MSGSEND = YES;
				GCC_C_LANGUAGE_STANDARD = gnu11;
				GCC_NO_COMMON_BLOCKS = YES;
				GCC_WARN_64_TO_32_BIT_CONVERSION = YES;
				GCC_WARN_ABOUT_RETURN_TYPE = YES_ERROR;
				GCC_WARN_UNDECLARED_SELECTOR = YES;
				GCC_WARN_UNINITIALIZED_AUTOS = YES_AGGRESSIVE;
				GCC_WARN_UNUSED_FUNCTION = YES;
				GCC_WARN_UNUSED_VARIABLE = YES;
				IPHONEOS_DEPLOYMENT_TARGET = 15.2;
				MTL_ENABLE_DEBUG_INFO = NO;
				MTL_FAST_MATH = YES;
				SDKROOT = iphoneos;
				SWIFT_COMPILATION_MODE = wholemodule;
				SWIFT_OPTIMIZATION_LEVEL = "-O";
				VALIDATE_PRODUCT = YES;
			};
			name = Release;
		};
		C2C075C427A1BBDB0022E9F1 /* Debug */ = {
			isa = XCBuildConfiguration;
			buildSettings = {
				ASSETCATALOG_COMPILER_APPICON_NAME = AppIcon;
				ASSETCATALOG_COMPILER_GLOBAL_ACCENT_COLOR_NAME = AccentColor;
				CODE_SIGN_STYLE = Automatic;
				CURRENT_PROJECT_VERSION = 1;
				DEVELOPMENT_TEAM = 2Y8L2J7J7W;
				GENERATE_INFOPLIST_FILE = YES;
				INFOPLIST_FILE = "W3-HW4/Info.plist";
				INFOPLIST_KEY_UIApplicationSupportsIndirectInputEvents = YES;
				INFOPLIST_KEY_UILaunchStoryboardName = LaunchScreen;
				INFOPLIST_KEY_UIMainStoryboardFile = Main;
				INFOPLIST_KEY_UISupportedInterfaceOrientations_iPad = "UIInterfaceOrientationPortrait UIInterfaceOrientationPortraitUpsideDown UIInterfaceOrientationLandscapeLeft UIInterfaceOrientationLandscapeRight";
				INFOPLIST_KEY_UISupportedInterfaceOrientations_iPhone = "UIInterfaceOrientationPortrait UIInterfaceOrientationLandscapeLeft UIInterfaceOrientationLandscapeRight";
				LD_RUNPATH_SEARCH_PATHS = (
					"$(inherited)",
					"@executable_path/Frameworks",
				);
				MARKETING_VERSION = 1.0;
				PRODUCT_BUNDLE_IDENTIFIER = "com.HumeyraSahin.W3-HW4";
				PRODUCT_NAME = "$(TARGET_NAME)";
				SWIFT_EMIT_LOC_STRINGS = YES;
				SWIFT_VERSION = 5.0;
				TARGETED_DEVICE_FAMILY = "1,2";
			};
			name = Debug;
		};
		C2C075C527A1BBDB0022E9F1 /* Release */ = {
			isa = XCBuildConfiguration;
			buildSettings = {
				ASSETCATALOG_COMPILER_APPICON_NAME = AppIcon;
				ASSETCATALOG_COMPILER_GLOBAL_ACCENT_COLOR_NAME = AccentColor;
				CODE_SIGN_STYLE = Automatic;
				CURRENT_PROJECT_VERSION = 1;
				DEVELOPMENT_TEAM = 2Y8L2J7J7W;
				GENERATE_INFOPLIST_FILE = YES;
				INFOPLIST_FILE = "W3-HW4/Info.plist";
				INFOPLIST_KEY_UIApplicationSupportsIndirectInputEvents = YES;
				INFOPLIST_KEY_UILaunchStoryboardName = LaunchScreen;
				INFOPLIST_KEY_UIMainStoryboardFile = Main;
				INFOPLIST_KEY_UISupportedInterfaceOrientations_iPad = "UIInterfaceOrientationPortrait UIInterfaceOrientationPortraitUpsideDown UIInterfaceOrientationLandscapeLeft UIInterfaceOrientationLandscapeRight";
				INFOPLIST_KEY_UISupportedInterfaceOrientations_iPhone = "UIInterfaceOrientationPortrait UIInterfaceOrientationLandscapeLeft UIInterfaceOrientationLandscapeRight";
				LD_RUNPATH_SEARCH_PATHS = (
					"$(inherited)",
					"@executable_path/Frameworks",
				);
				MARKETING_VERSION = 1.0;
				PRODUCT_BUNDLE_IDENTIFIER = "com.HumeyraSahin.W3-HW4";
				PRODUCT_NAME = "$(TARGET_NAME)";
				SWIFT_EMIT_LOC_STRINGS = YES;
				SWIFT_VERSION = 5.0;
				TARGETED_DEVICE_FAMILY = "1,2";
			};
			name = Release;
		};
/* End XCBuildConfiguration section */

/* Begin XCConfigurationList section */
		C2C075AA27A1BBD90022E9F1 /* Build configuration list for PBXProject "W3-HW4" */ = {
			isa = XCConfigurationList;
			buildConfigurations = (
				C2C075C127A1BBDB0022E9F1 /* Debug */,
				C2C075C227A1BBDB0022E9F1 /* Release */,
			);
			defaultConfigurationIsVisible = 0;
			defaultConfigurationName = Release;
		};
		C2C075C327A1BBDB0022E9F1 /* Build configuration list for PBXNativeTarget "W3-HW4" */ = {
			isa = XCConfigurationList;
			buildConfigurations = (
				C2C075C427A1BBDB0022E9F1 /* Debug */,
				C2C075C527A1BBDB0022E9F1 /* Release */,
			);
			defaultConfigurationIsVisible = 0;
			defaultConfigurationName = Release;
		};
/* End XCConfigurationList section */
	};
	rootObject = C2C075A727A1BBD90022E9F1 /* Project object */;
}
